// !$*UTF8*$!
{
	archiveVersion = 1;
	classes = {
	};
	objectVersion = 46;
	objects = {

/* Begin PBXBuildFile section */
		19A79D42C4A2716A5FEA64A2 /* Pods_LoveFreshBeen.framework in Frameworks */ = {isa = PBXBuildFile; fileRef = 9D83E913B20585AC412D5685 /* Pods_LoveFreshBeen.framework */; };
		3E1140621E49AFDD00E9073E /* ADViewController.swift in Sources */ = {isa = PBXBuildFile; fileRef = 3E1140611E49AFDD00E9073E /* ADViewController.swift */; };
		3E1140651E49B2FA00E9073E /* Theme.swift in Sources */ = {isa = PBXBuildFile; fileRef = 3E1140641E49B2FA00E9073E /* Theme.swift */; };
		3E11406A1E49B41E00E9073E /* BaseViewController.swift in Sources */ = {isa = PBXBuildFile; fileRef = 3E1140691E49B41E00E9073E /* BaseViewController.swift */; };
		3E11406D1E49B4BE00E9073E /* Color+Extension.swift in Sources */ = {isa = PBXBuildFile; fileRef = 3E11406C1E49B4BE00E9073E /* Color+Extension.swift */; };
		3E11406F1E49B51600E9073E /* GuideViewController.swift in Sources */ = {isa = PBXBuildFile; fileRef = 3E11406E1E49B51600E9073E /* GuideViewController.swift */; };
		3E1140721E49B5F700E9073E /* MainAD.swift in Sources */ = {isa = PBXBuildFile; fileRef = 3E1140711E49B5F700E9073E /* MainAD.swift */; };
		3E1140851E49B70F00E9073E /* 促销 in Resources */ = {isa = PBXBuildFile; fileRef = 3E1140741E49B70F00E9073E /* 促销 */; };
		3E1140861E49B70F00E9073E /* 首页焦点按钮 in Resources */ = {isa = PBXBuildFile; fileRef = 3E1140751E49B70F00E9073E /* 首页焦点按钮 */; };
		3E1140871E49B70F00E9073E /* 首页新鲜热卖 in Resources */ = {isa = PBXBuildFile; fileRef = 3E1140761E49B70F00E9073E /* 首页新鲜热卖 */; };
		3E1140881E49B70F00E9073E /* 系统消息 in Resources */ = {isa = PBXBuildFile; fileRef = 3E1140771E49B70F00E9073E /* 系统消息 */; };
		3E1140891E49B70F00E9073E /* AD in Resources */ = {isa = PBXBuildFile; fileRef = 3E1140781E49B70F00E9073E /* AD */; };
		3E11408A1E49B70F00E9073E /* FocusURL.plist in Resources */ = {isa = PBXBuildFile; fileRef = 3E1140791E49B70F00E9073E /* FocusURL.plist */; };
		3E11408B1E49B70F00E9073E /* HelpPlist.plist in Resources */ = {isa = PBXBuildFile; fileRef = 3E11407A1E49B70F00E9073E /* HelpPlist.plist */; };
		3E11408C1E49B70F00E9073E /* Mine in Resources */ = {isa = PBXBuildFile; fileRef = 3E11407B1E49B70F00E9073E /* Mine */; };
		3E11408D1E49B70F00E9073E /* MinePlist.plist in Resources */ = {isa = PBXBuildFile; fileRef = 3E11407C1E49B70F00E9073E /* MinePlist.plist */; };
		3E11408E1E49B70F00E9073E /* MyAdress in Resources */ = {isa = PBXBuildFile; fileRef = 3E11407D1E49B70F00E9073E /* MyAdress */; };
		3E11408F1E49B70F00E9073E /* MyCoupon in Resources */ = {isa = PBXBuildFile; fileRef = 3E11407E1E49B70F00E9073E /* MyCoupon */; };
		3E1140901E49B70F00E9073E /* MyOrders in Resources */ = {isa = PBXBuildFile; fileRef = 3E11407F1E49B70F00E9073E /* MyOrders */; };
		3E1140911E49B70F00E9073E /* Search in Resources */ = {isa = PBXBuildFile; fileRef = 3E1140801E49B70F00E9073E /* Search */; };
		3E1140921E49B70F00E9073E /* SearchProduct in Resources */ = {isa = PBXBuildFile; fileRef = 3E1140811E49B70F00E9073E /* SearchProduct */; };
		3E1140931E49B70F00E9073E /* supermarket in Resources */ = {isa = PBXBuildFile; fileRef = 3E1140821E49B70F00E9073E /* supermarket */; };
		3E1140941E49B70F00E9073E /* SystemMessage in Resources */ = {isa = PBXBuildFile; fileRef = 3E1140831E49B70F00E9073E /* SystemMessage */; };
		3E1140951E49B70F00E9073E /* UserMessage in Resources */ = {isa = PBXBuildFile; fileRef = 3E1140841E49B70F00E9073E /* UserMessage */; };
		3EC47D9B1E49AB20004C8D23 /* AppDelegate.swift in Sources */ = {isa = PBXBuildFile; fileRef = 3EC47D9A1E49AB20004C8D23 /* AppDelegate.swift */; };
		3EC47D9D1E49AB20004C8D23 /* ViewController.swift in Sources */ = {isa = PBXBuildFile; fileRef = 3EC47D9C1E49AB20004C8D23 /* ViewController.swift */; };
		3EC47DA01E49AB20004C8D23 /* Main.storyboard in Resources */ = {isa = PBXBuildFile; fileRef = 3EC47D9E1E49AB20004C8D23 /* Main.storyboard */; };
		3EC47DA21E49AB20004C8D23 /* Assets.xcassets in Resources */ = {isa = PBXBuildFile; fileRef = 3EC47DA11E49AB20004C8D23 /* Assets.xcassets */; };
		3EC47DA51E49AB20004C8D23 /* LaunchScreen.storyboard in Resources */ = {isa = PBXBuildFile; fileRef = 3EC47DA31E49AB20004C8D23 /* LaunchScreen.storyboard */; };
/* End PBXBuildFile section */

/* Begin PBXFileReference section */
		28C312F52FB53D552268A270 /* Pods-LoveFreshBeen.release.xcconfig */ = {isa = PBXFileReference; includeInIndex = 1; lastKnownFileType = text.xcconfig; name = "Pods-LoveFreshBeen.release.xcconfig"; path = "Pods/Target Support Files/Pods-LoveFreshBeen/Pods-LoveFreshBeen.release.xcconfig"; sourceTree = "<group>"; };
		3E1140611E49AFDD00E9073E /* ADViewController.swift */ = {isa = PBXFileReference; fileEncoding = 4; lastKnownFileType = sourcecode.swift; path = ADViewController.swift; sourceTree = "<group>"; };
		3E1140641E49B2FA00E9073E /* Theme.swift */ = {isa = PBXFileReference; fileEncoding = 4; lastKnownFileType = sourcecode.swift; path = Theme.swift; sourceTree = "<group>"; };
		3E1140691E49B41E00E9073E /* BaseViewController.swift */ = {isa = PBXFileReference; fileEncoding = 4; lastKnownFileType = sourcecode.swift; path = BaseViewController.swift; sourceTree = "<group>"; };
		3E11406C1E49B4BE00E9073E /* Color+Extension.swift */ = {isa = PBXFileReference; fileEncoding = 4; lastKnownFileType = sourcecode.swift; path = "Color+Extension.swift"; sourceTree = "<group>"; };
		3E11406E1E49B51600E9073E /* GuideViewController.swift */ = {isa = PBXFileReference; fileEncoding = 4; lastKnownFileType = sourcecode.swift; path = GuideViewController.swift; sourceTree = "<group>"; };
		3E1140711E49B5F700E9073E /* MainAD.swift */ = {isa = PBXFileReference; fileEncoding = 4; lastKnownFileType = sourcecode.swift; path = MainAD.swift; sourceTree = "<group>"; };
		3E1140741E49B70F00E9073E /* 促销 */ = {isa = PBXFileReference; fileEncoding = 4; lastKnownFileType = text; path = "促销"; sourceTree = "<group>"; };
		3E1140751E49B70F00E9073E /* 首页焦点按钮 */ = {isa = PBXFileReference; fileEncoding = 4; lastKnownFileType = text; path = "首页焦点按钮"; sourceTree = "<group>"; };
		3E1140761E49B70F00E9073E /* 首页新鲜热卖 */ = {isa = PBXFileReference; fileEncoding = 4; lastKnownFileType = text; path = "首页新鲜热卖"; sourceTree = "<group>"; };
		3E1140771E49B70F00E9073E /* 系统消息 */ = {isa = PBXFileReference; fileEncoding = 4; lastKnownFileType = text; path = "系统消息"; sourceTree = "<group>"; };
		3E1140781E49B70F00E9073E /* AD */ = {isa = PBXFileReference; fileEncoding = 4; lastKnownFileType = text; path = AD; sourceTree = "<group>"; };
		3E1140791E49B70F00E9073E /* FocusURL.plist */ = {isa = PBXFileReference; fileEncoding = 4; lastKnownFileType = text.plist.xml; path = FocusURL.plist; sourceTree = "<group>"; };
		3E11407A1E49B70F00E9073E /* HelpPlist.plist */ = {isa = PBXFileReference; fileEncoding = 4; lastKnownFileType = text.plist.xml; path = HelpPlist.plist; sourceTree = "<group>"; };
		3E11407B1E49B70F00E9073E /* Mine */ = {isa = PBXFileReference; fileEncoding = 4; lastKnownFileType = text; path = Mine; sourceTree = "<group>"; };
		3E11407C1E49B70F00E9073E /* MinePlist.plist */ = {isa = PBXFileReference; fileEncoding = 4; lastKnownFileType = text.plist.xml; path = MinePlist.plist; sourceTree = "<group>"; };
		3E11407D1E49B70F00E9073E /* MyAdress */ = {isa = PBXFileReference; fileEncoding = 4; lastKnownFileType = text; path = MyAdress; sourceTree = "<group>"; };
		3E11407E1E49B70F00E9073E /* MyCoupon */ = {isa = PBXFileReference; fileEncoding = 4; lastKnownFileType = text; path = MyCoupon; sourceTree = "<group>"; };
		3E11407F1E49B70F00E9073E /* MyOrders */ = {isa = PBXFileReference; fileEncoding = 4; lastKnownFileType = text; path = MyOrders; sourceTree = "<group>"; };
		3E1140801E49B70F00E9073E /* Search */ = {isa = PBXFileReference; fileEncoding = 4; lastKnownFileType = text; path = Search; sourceTree = "<group>"; };
		3E1140811E49B70F00E9073E /* SearchProduct */ = {isa = PBXFileReference; fileEncoding = 4; lastKnownFileType = text; path = SearchProduct; sourceTree = "<group>"; };
		3E1140821E49B70F00E9073E /* supermarket */ = {isa = PBXFileReference; fileEncoding = 4; lastKnownFileType = text; path = supermarket; sourceTree = "<group>"; };
		3E1140831E49B70F00E9073E /* SystemMessage */ = {isa = PBXFileReference; fileEncoding = 4; lastKnownFileType = text; path = SystemMessage; sourceTree = "<group>"; };
		3E1140841E49B70F00E9073E /* UserMessage */ = {isa = PBXFileReference; fileEncoding = 4; lastKnownFileType = text; path = UserMessage; sourceTree = "<group>"; };
		3EC47D971E49AB20004C8D23 /* LoveFreshBeen.app */ = {isa = PBXFileReference; explicitFileType = wrapper.application; includeInIndex = 0; path = LoveFreshBeen.app; sourceTree = BUILT_PRODUCTS_DIR; };
		3EC47D9A1E49AB20004C8D23 /* AppDelegate.swift */ = {isa = PBXFileReference; lastKnownFileType = sourcecode.swift; path = AppDelegate.swift; sourceTree = "<group>"; };
		3EC47D9C1E49AB20004C8D23 /* ViewController.swift */ = {isa = PBXFileReference; lastKnownFileType = sourcecode.swift; path = ViewController.swift; sourceTree = "<group>"; };
		3EC47D9F1E49AB20004C8D23 /* Base */ = {isa = PBXFileReference; lastKnownFileType = file.storyboard; name = Base; path = Base.lproj/Main.storyboard; sourceTree = "<group>"; };
		3EC47DA11E49AB20004C8D23 /* Assets.xcassets */ = {isa = PBXFileReference; lastKnownFileType = folder.assetcatalog; path = Assets.xcassets; sourceTree = "<group>"; };
		3EC47DA41E49AB20004C8D23 /* Base */ = {isa = PBXFileReference; lastKnownFileType = file.storyboard; name = Base; path = Base.lproj/LaunchScreen.storyboard; sourceTree = "<group>"; };
		3EC47DA61E49AB20004C8D23 /* Info.plist */ = {isa = PBXFileReference; lastKnownFileType = text.plist.xml; path = Info.plist; sourceTree = "<group>"; };
		3EC47DAC1E49AB7B004C8D23 /* LoveFreshBeen-Bridging-Header.h */ = {isa = PBXFileReference; lastKnownFileType = sourcecode.c.h; path = "LoveFreshBeen-Bridging-Header.h"; sourceTree = "<group>"; };
		9D83E913B20585AC412D5685 /* Pods_LoveFreshBeen.framework */ = {isa = PBXFileReference; explicitFileType = wrapper.framework; includeInIndex = 0; path = Pods_LoveFreshBeen.framework; sourceTree = BUILT_PRODUCTS_DIR; };
		D3A58DA75F52F03D70B2B12A /* Pods-LoveFreshBeen.debug.xcconfig */ = {isa = PBXFileReference; includeInIndex = 1; lastKnownFileType = text.xcconfig; name = "Pods-LoveFreshBeen.debug.xcconfig"; path = "Pods/Target Support Files/Pods-LoveFreshBeen/Pods-LoveFreshBeen.debug.xcconfig"; sourceTree = "<group>"; };
/* End PBXFileReference section */

/* Begin PBXFrameworksBuildPhase section */
		3EC47D941E49AB20004C8D23 /* Frameworks */ = {
			isa = PBXFrameworksBuildPhase;
			buildActionMask = 2147483647;
			files = (
				19A79D42C4A2716A5FEA64A2 /* Pods_LoveFreshBeen.framework in Frameworks */,
			);
			runOnlyForDeploymentPostprocessing = 0;
		};
/* End PBXFrameworksBuildPhase section */

/* Begin PBXGroup section */
		3E11405F1E49ADAF00E9073E /* Classes */ = {
			isa = PBXGroup;
			children = (
				3E1140731E49B6EE00E9073E /* Resouce */,
				3E1140671E49B40100E9073E /* LFBBase */,
				3E1140661E49B3CF00E9073E /* Mine */,
				3E1140631E49B2DB00E9073E /* Other */,
				3E1140601E49AFAB00E9073E /* AD */,
			);
			path = Classes;
			sourceTree = "<group>";
		};
		3E1140601E49AFAB00E9073E /* AD */ = {
			isa = PBXGroup;
			children = (
				3E1140701E49B5D800E9073E /* Model */,
				3E1140611E49AFDD00E9073E /* ADViewController.swift */,
			);
			path = AD;
			sourceTree = "<group>";
		};
		3E1140631E49B2DB00E9073E /* Other */ = {
			isa = PBXGroup;
			children = (
				3E1140641E49B2FA00E9073E /* Theme.swift */,
			);
			path = Other;
			sourceTree = "<group>";
		};
		3E1140661E49B3CF00E9073E /* Mine */ = {
			isa = PBXGroup;
			children = (
				3E11406E1E49B51600E9073E /* GuideViewController.swift */,
			);
			path = Mine;
			sourceTree = "<group>";
		};
		3E1140671E49B40100E9073E /* LFBBase */ = {
			isa = PBXGroup;
			children = (
				3E11406B1E49B4A600E9073E /* Extension */,
				3E1140681E49B40100E9073E /* Common */,
			);
			path = LFBBase;
			sourceTree = "<group>";
		};
		3E1140681E49B40100E9073E /* Common */ = {
			isa = PBXGroup;
			children = (
				3E1140691E49B41E00E9073E /* BaseViewController.swift */,
			);
			path = Common;
			sourceTree = "<group>";
		};
		3E11406B1E49B4A600E9073E /* Extension */ = {
			isa = PBXGroup;
			children = (
				3E11406C1E49B4BE00E9073E /* Color+Extension.swift */,
			);
			path = Extension;
			sourceTree = "<group>";
		};
		3E1140701E49B5D800E9073E /* Model */ = {
			isa = PBXGroup;
			children = (
				3E1140711E49B5F700E9073E /* MainAD.swift */,
			);
			path = Model;
			sourceTree = "<group>";
		};
		3E1140731E49B6EE00E9073E /* Resouce */ = {
			isa = PBXGroup;
			children = (
				3E1140741E49B70F00E9073E /* 促销 */,
				3E1140751E49B70F00E9073E /* 首页焦点按钮 */,
				3E1140761E49B70F00E9073E /* 首页新鲜热卖 */,
				3E1140771E49B70F00E9073E /* 系统消息 */,
				3E1140781E49B70F00E9073E /* AD */,
				3E1140791E49B70F00E9073E /* FocusURL.plist */,
				3E11407A1E49B70F00E9073E /* HelpPlist.plist */,
				3E11407B1E49B70F00E9073E /* Mine */,
				3E11407C1E49B70F00E9073E /* MinePlist.plist */,
				3E11407D1E49B70F00E9073E /* MyAdress */,
				3E11407E1E49B70F00E9073E /* MyCoupon */,
				3E11407F1E49B70F00E9073E /* MyOrders */,
				3E1140801E49B70F00E9073E /* Search */,
				3E1140811E49B70F00E9073E /* SearchProduct */,
				3E1140821E49B70F00E9073E /* supermarket */,
				3E1140831E49B70F00E9073E /* SystemMessage */,
				3E1140841E49B70F00E9073E /* UserMessage */,
			);
			path = Resouce;
			sourceTree = "<group>";
		};
		3EC47D8E1E49AB20004C8D23 = {
			isa = PBXGroup;
			children = (
				3EC47D991E49AB20004C8D23 /* LoveFreshBeen */,
				3EC47D981E49AB20004C8D23 /* Products */,
				7EFEE139394B607BB839B7AB /* Pods */,
				C81643B527FCE4C68E422022 /* Frameworks */,
			);
			sourceTree = "<group>";
		};
		3EC47D981E49AB20004C8D23 /* Products */ = {
			isa = PBXGroup;
			children = (
				3EC47D971E49AB20004C8D23 /* LoveFreshBeen.app */,
			);
			name = Products;
			sourceTree = "<group>";
		};
		3EC47D991E49AB20004C8D23 /* LoveFreshBeen */ = {
			isa = PBXGroup;
			children = (
				3E11405F1E49ADAF00E9073E /* Classes */,
				3EC47D9A1E49AB20004C8D23 /* AppDelegate.swift */,
				3EC47D9C1E49AB20004C8D23 /* ViewController.swift */,
				3EC47D9E1E49AB20004C8D23 /* Main.storyboard */,
				3EC47DA11E49AB20004C8D23 /* Assets.xcassets */,
				3EC47DA31E49AB20004C8D23 /* LaunchScreen.storyboard */,
				3EC47DA61E49AB20004C8D23 /* Info.plist */,
				3EC47DAC1E49AB7B004C8D23 /* LoveFreshBeen-Bridging-Header.h */,
			);
			path = LoveFreshBeen;
			sourceTree = "<group>";
		};
		7EFEE139394B607BB839B7AB /* Pods */ = {
			isa = PBXGroup;
			children = (
				D3A58DA75F52F03D70B2B12A /* Pods-LoveFreshBeen.debug.xcconfig */,
				28C312F52FB53D552268A270 /* Pods-LoveFreshBeen.release.xcconfig */,
			);
			name = Pods;
			sourceTree = "<group>";
		};
		C81643B527FCE4C68E422022 /* Frameworks */ = {
			isa = PBXGroup;
			children = (
				9D83E913B20585AC412D5685 /* Pods_LoveFreshBeen.framework */,
			);
			name = Frameworks;
			sourceTree = "<group>";
		};
/* End PBXGroup section */

/* Begin PBXNativeTarget section */
		3EC47D961E49AB20004C8D23 /* LoveFreshBeen */ = {
			isa = PBXNativeTarget;
			buildConfigurationList = 3EC47DA91E49AB20004C8D23 /* Build configuration list for PBXNativeTarget "LoveFreshBeen" */;
			buildPhases = (
				6EB9A574FDD88ABFE533105F /* [CP] Check Pods Manifest.lock */,
				3EC47D931E49AB20004C8D23 /* Sources */,
				3EC47D941E49AB20004C8D23 /* Frameworks */,
				3EC47D951E49AB20004C8D23 /* Resources */,
				F187B347DAAE0ECA2E696A8F /* [CP] Embed Pods Frameworks */,
				9620F9692EC554BC5E8967BB /* [CP] Copy Pods Resources */,
			);
			buildRules = (
			);
			dependencies = (
			);
			name = LoveFreshBeen;
			productName = LoveFreshBeen;
			productReference = 3EC47D971E49AB20004C8D23 /* LoveFreshBeen.app */;
			productType = "com.apple.product-type.application";
		};
/* End PBXNativeTarget section */

/* Begin PBXProject section */
		3EC47D8F1E49AB20004C8D23 /* Project object */ = {
			isa = PBXProject;
			attributes = {
				LastSwiftUpdateCheck = 0810;
				LastUpgradeCheck = 0810;
				ORGANIZATIONNAME = Odm;
				TargetAttributes = {
					3EC47D961E49AB20004C8D23 = {
						CreatedOnToolsVersion = 8.1;
						LastSwiftMigration = 0810;
						ProvisioningStyle = Automatic;
					};
				};
			};
			buildConfigurationList = 3EC47D921E49AB20004C8D23 /* Build configuration list for PBXProject "LoveFreshBeen" */;
			compatibilityVersion = "Xcode 3.2";
			developmentRegion = English;
			hasScannedForEncodings = 0;
			knownRegions = (
				en,
				Base,
			);
			mainGroup = 3EC47D8E1E49AB20004C8D23;
			productRefGroup = 3EC47D981E49AB20004C8D23 /* Products */;
			projectDirPath = "";
			projectRoot = "";
			targets = (
				3EC47D961E49AB20004C8D23 /* LoveFreshBeen */,
			);
		};
/* End PBXProject section */

/* Begin PBXResourcesBuildPhase section */
		3EC47D951E49AB20004C8D23 /* Resources */ = {
			isa = PBXResourcesBuildPhase;
			buildActionMask = 2147483647;
			files = (
				3E11408B1E49B70F00E9073E /* HelpPlist.plist in Resources */,
				3E1140861E49B70F00E9073E /* 首页焦点按钮 in Resources */,
				3EC47DA51E49AB20004C8D23 /* LaunchScreen.storyboard in Resources */,
				3E1140901E49B70F00E9073E /* MyOrders in Resources */,
				3E1140931E49B70F00E9073E /* supermarket in Resources */,
				3E11408C1E49B70F00E9073E /* Mine in Resources */,
				3E1140851E49B70F00E9073E /* 促销 in Resources */,
				3E1140951E49B70F00E9073E /* UserMessage in Resources */,
				3E1140891E49B70F00E9073E /* AD in Resources */,
				3E11408D1E49B70F00E9073E /* MinePlist.plist in Resources */,
				3E1140941E49B70F00E9073E /* SystemMessage in Resources */,
				3EC47DA21E49AB20004C8D23 /* Assets.xcassets in Resources */,
				3E11408E1E49B70F00E9073E /* MyAdress in Resources */,
				3E1140881E49B70F00E9073E /* 系统消息 in Resources */,
				3E1140921E49B70F00E9073E /* SearchProduct in Resources */,
				3E11408F1E49B70F00E9073E /* MyCoupon in Resources */,
				3E1140911E49B70F00E9073E /* Search in Resources */,
				3E1140871E49B70F00E9073E /* 首页新鲜热卖 in Resources */,
				3E11408A1E49B70F00E9073E /* FocusURL.plist in Resources */,
				3EC47DA01E49AB20004C8D23 /* Main.storyboard in Resources */,
			);
			runOnlyForDeploymentPostprocessing = 0;
		};
/* End PBXResourcesBuildPhase section */

/* Begin PBXShellScriptBuildPhase section */
		6EB9A574FDD88ABFE533105F /* [CP] Check Pods Manifest.lock */ = {
			isa = PBXShellScriptBuildPhase;
			buildActionMask = 2147483647;
			files = (
			);
			inputPaths = (
			);
			name = "[CP] Check Pods Manifest.lock";
			outputPaths = (
			);
			runOnlyForDeploymentPostprocessing = 0;
			shellPath = /bin/sh;
			shellScript = "diff \"${PODS_ROOT}/../Podfile.lock\" \"${PODS_ROOT}/Manifest.lock\" > /dev/null\nif [ $? != 0 ] ; then\n    # print error to STDERR\n    echo \"error: The sandbox is not in sync with the Podfile.lock. Run 'pod install' or update your CocoaPods installation.\" >&2\n    exit 1\nfi\n";
			showEnvVarsInLog = 0;
		};
		9620F9692EC554BC5E8967BB /* [CP] Copy Pods Resources */ = {
			isa = PBXShellScriptBuildPhase;
			buildActionMask = 2147483647;
			files = (
			);
			inputPaths = (
			);
			name = "[CP] Copy Pods Resources";
			outputPaths = (
			);
			runOnlyForDeploymentPostprocessing = 0;
			shellPath = /bin/sh;
			shellScript = "\"${SRCROOT}/Pods/Target Support Files/Pods-LoveFreshBeen/Pods-LoveFreshBeen-resources.sh\"\n";
			showEnvVarsInLog = 0;
		};
		F187B347DAAE0ECA2E696A8F /* [CP] Embed Pods Frameworks */ = {
			isa = PBXShellScriptBuildPhase;
			buildActionMask = 2147483647;
			files = (
			);
			inputPaths = (
			);
			name = "[CP] Embed Pods Frameworks";
			outputPaths = (
			);
			runOnlyForDeploymentPostprocessing = 0;
			shellPath = /bin/sh;
			shellScript = "\"${SRCROOT}/Pods/Target Support Files/Pods-LoveFreshBeen/Pods-LoveFreshBeen-frameworks.sh\"\n";
			showEnvVarsInLog = 0;
		};
/* End PBXShellScriptBuildPhase section */

/* Begin PBXSourcesBuildPhase section */
		3EC47D931E49AB20004C8D23 /* Sources */ = {
			isa = PBXSourcesBuildPhase;
			buildActionMask = 2147483647;
			files = (
				3E11406A1E49B41E00E9073E /* BaseViewController.swift in Sources */,
				3E1140721E49B5F700E9073E /* MainAD.swift in Sources */,
				3E11406D1E49B4BE00E9073E /* Color+Extension.swift in Sources */,
				3EC47D9D1E49AB20004C8D23 /* ViewController.swift in Sources */,
				3E11406F1E49B51600E9073E /* GuideViewController.swift in Sources */,
				3E1140651E49B2FA00E9073E /* Theme.swift in Sources */,
				3E1140621E49AFDD00E9073E /* ADViewController.swift in Sources */,
				3EC47D9B1E49AB20004C8D23 /* AppDelegate.swift in Sources */,
			);
			runOnlyForDeploymentPostprocessing = 0;
		};
/* End PBXSourcesBuildPhase section */

/* Begin PBXVariantGroup section */
		3EC47D9E1E49AB20004C8D23 /* Main.storyboard */ = {
			isa = PBXVariantGroup;
			children = (
				3EC47D9F1E49AB20004C8D23 /* Base */,
			);
			name = Main.storyboard;
			sourceTree = "<group>";
		};
		3EC47DA31E49AB20004C8D23 /* LaunchScreen.storyboard */ = {
			isa = PBXVariantGroup;
			children = (
				3EC47DA41E49AB20004C8D23 /* Base */,
			);
			name = LaunchScreen.storyboard;
			sourceTree = "<group>";
		};
/* End PBXVariantGroup section */

/* Begin XCBuildConfiguration section */
		3EC47DA71E49AB20004C8D23 /* Debug */ = {
			isa = XCBuildConfiguration;
			buildSettings = {
				ALWAYS_SEARCH_USER_PATHS = NO;
				CLANG_ANALYZER_NONNULL = YES;
				CLANG_CXX_LANGUAGE_STANDARD = "gnu++0x";
				CLANG_CXX_LIBRARY = "libc++";
				CLANG_ENABLE_MODULES = YES;
				CLANG_ENABLE_OBJC_ARC = YES;
				CLANG_WARN_BOOL_CONVERSION = YES;
				CLANG_WARN_CONSTANT_CONVERSION = YES;
				CLANG_WARN_DIRECT_OBJC_ISA_USAGE = YES_ERROR;
				CLANG_WARN_DOCUMENTATION_COMMENTS = YES;
				CLANG_WARN_EMPTY_BODY = YES;
				CLANG_WARN_ENUM_CONVERSION = YES;
				CLANG_WARN_INFINITE_RECURSION = YES;
				CLANG_WARN_INT_CONVERSION = YES;
				CLANG_WARN_OBJC_ROOT_CLASS = YES_ERROR;
				CLANG_WARN_SUSPICIOUS_MOVE = YES;
				CLANG_WARN_SUSPICIOUS_MOVES = YES;
				CLANG_WARN_UNREACHABLE_CODE = YES;
				CLANG_WARN__DUPLICATE_METHOD_MATCH = YES;
				"CODE_SIGN_IDENTITY[sdk=iphoneos*]" = "iPhone Developer";
				COPY_PHASE_STRIP = NO;
				DEBUG_INFORMATION_FORMAT = dwarf;
				ENABLE_STRICT_OBJC_MSGSEND = YES;
				ENABLE_TESTABILITY = YES;
				GCC_C_LANGUAGE_STANDARD = gnu99;
				GCC_DYNAMIC_NO_PIC = NO;
				GCC_NO_COMMON_BLOCKS = YES;
				GCC_OPTIMIZATION_LEVEL = 0;
				GCC_PREPROCESSOR_DEFINITIONS = (
					"DEBUG=1",
					"$(inherited)",
				);
				GCC_WARN_64_TO_32_BIT_CONVERSION = YES;
				GCC_WARN_ABOUT_RETURN_TYPE = YES_ERROR;
				GCC_WARN_UNDECLARED_SELECTOR = YES;
				GCC_WARN_UNINITIALIZED_AUTOS = YES_AGGRESSIVE;
				GCC_WARN_UNUSED_FUNCTION = YES;
				GCC_WARN_UNUSED_VARIABLE = YES;
				IPHONEOS_DEPLOYMENT_TARGET = 10.1;
				MTL_ENABLE_DEBUG_INFO = YES;
				ONLY_ACTIVE_ARCH = YES;
				SDKROOT = iphoneos;
				SWIFT_ACTIVE_COMPILATION_CONDITIONS = DEBUG;
				SWIFT_OPTIMIZATION_LEVEL = "-Onone";
			};
			name = Debug;
		};
		3EC47DA81E49AB20004C8D23 /* Release */ = {
			isa = XCBuildConfiguration;
			buildSettings = {
				ALWAYS_SEARCH_USER_PATHS = NO;
				CLANG_ANALYZER_NONNULL = YES;
				CLANG_CXX_LANGUAGE_STANDARD = "gnu++0x";
				CLANG_CXX_LIBRARY = "libc++";
				CLANG_ENABLE_MODULES = YES;
				CLANG_ENABLE_OBJC_ARC = YES;
				CLANG_WARN_BOOL_CONVERSION = YES;
				CLANG_WARN_CONSTANT_CONVERSION = YES;
				CLANG_WARN_DIRECT_OBJC_ISA_USAGE = YES_ERROR;
				CLANG_WARN_DOCUMENTATION_COMMENTS = YES;
				CLANG_WARN_EMPTY_BODY = YES;
				CLANG_WARN_ENUM_CONVERSION = YES;
				CLANG_WARN_INFINITE_RECURSION = YES;
				CLANG_WARN_INT_CONVERSION = YES;
				CLANG_WARN_OBJC_ROOT_CLASS = YES_ERROR;
				CLANG_WARN_SUSPICIOUS_MOVE = YES;
				CLANG_WARN_SUSPICIOUS_MOVES = YES;
				CLANG_WARN_UNREACHABLE_CODE = YES;
				CLANG_WARN__DUPLICATE_METHOD_MATCH = YES;
				"CODE_SIGN_IDENTITY[sdk=iphoneos*]" = "iPhone Developer";
				COPY_PHASE_STRIP = NO;
				DEBUG_INFORMATION_FORMAT = "dwarf-with-dsym";
				ENABLE_NS_ASSERTIONS = NO;
				ENABLE_STRICT_OBJC_MSGSEND = YES;
				GCC_C_LANGUAGE_STANDARD = gnu99;
				GCC_NO_COMMON_BLOCKS = YES;
				GCC_WARN_64_TO_32_BIT_CONVERSION = YES;
				GCC_WARN_ABOUT_RETURN_TYPE = YES_ERROR;
				GCC_WARN_UNDECLARED_SELECTOR = YES;
				GCC_WARN_UNINITIALIZED_AUTOS = YES_AGGRESSIVE;
				GCC_WARN_UNUSED_FUNCTION = YES;
				GCC_WARN_UNUSED_VARIABLE = YES;
				IPHONEOS_DEPLOYMENT_TARGET = 10.1;
				MTL_ENABLE_DEBUG_INFO = NO;
				SDKROOT = iphoneos;
				SWIFT_OPTIMIZATION_LEVEL = "-Owholemodule";
				VALIDATE_PRODUCT = YES;
			};
			name = Release;
		};
		3EC47DAA1E49AB20004C8D23 /* Debug */ = {
			isa = XCBuildConfiguration;
			baseConfigurationReference = D3A58DA75F52F03D70B2B12A /* Pods-LoveFreshBeen.debug.xcconfig */;
			buildSettings = {
				ASSETCATALOG_COMPILER_APPICON_NAME = AppIcon;
				CLANG_ENABLE_MODULES = YES;
				INFOPLIST_FILE = LoveFreshBeen/Info.plist;
				IPHONEOS_DEPLOYMENT_TARGET = 8.0;
				LD_RUNPATH_SEARCH_PATHS = "$(inherited) @executable_path/Frameworks";
				PRODUCT_BUNDLE_IDENTIFIER = com.odm.LoveFreshBeen.LoveFreshBeen;
				PRODUCT_NAME = "$(TARGET_NAME)";
				SWIFT_OBJC_BRIDGING_HEADER = "LoveFreshBeen/LoveFreshBeen-Bridging-Header.h";
				SWIFT_OPTIMIZATION_LEVEL = "-Onone";
				SWIFT_VERSION = 3.0;
			};
			name = Debug;
		};
		3EC47DAB1E49AB20004C8D23 /* Release */ = {
			isa = XCBuildConfiguration;
			baseConfigurationReference = 28C312F52FB53D552268A270 /* Pods-LoveFreshBeen.release.xcconfig */;
			buildSettings = {
				ASSETCATALOG_COMPILER_APPICON_NAME = AppIcon;
				CLANG_ENABLE_MODULES = YES;
				INFOPLIST_FILE = LoveFreshBeen/Info.plist;
				IPHONEOS_DEPLOYMENT_TARGET = 8.0;
				LD_RUNPATH_SEARCH_PATHS = "$(inherited) @executable_path/Frameworks";
				PRODUCT_BUNDLE_IDENTIFIER = com.odm.LoveFreshBeen.LoveFreshBeen;
				PRODUCT_NAME = "$(TARGET_NAME)";
				SWIFT_OBJC_BRIDGING_HEADER = "LoveFreshBeen/LoveFreshBeen-Bridging-Header.h";
				SWIFT_VERSION = 3.0;
			};
			name = Release;
		};
/* End XCBuildConfiguration section */

/* Begin XCConfigurationList section */
		3EC47D921E49AB20004C8D23 /* Build configuration list for PBXProject "LoveFreshBeen" */ = {
			isa = XCConfigurationList;
			buildConfigurations = (
				3EC47DA71E49AB20004C8D23 /* Debug */,
				3EC47DA81E49AB20004C8D23 /* Release */,
			);
			defaultConfigurationIsVisible = 0;
			defaultConfigurationName = Release;
		};
		3EC47DA91E49AB20004C8D23 /* Build configuration list for PBXNativeTarget "LoveFreshBeen" */ = {
			isa = XCConfigurationList;
			buildConfigurations = (
				3EC47DAA1E49AB20004C8D23 /* Debug */,
				3EC47DAB1E49AB20004C8D23 /* Release */,
			);
			defaultConfigurationIsVisible = 0;
			defaultConfigurationName = Release;
		};
/* End XCConfigurationList section */
	};
	rootObject = 3EC47D8F1E49AB20004C8D23 /* Project object */;
}
